
Microsoft Visual Studio Solution File, Format Version 12.00
# Visual Studio 15
VisualStudioVersion = 15.0.26124.0
MinimumVisualStudioVersion = 15.0.26124.0
Project("{2150E333-8FDC-42A3-9474-1A3956D46DE8}") = "src", "src", "{2BC2231D-9EC0-4CE2-A49C-EDA3B0B0A58D}"
EndProject
Project("{FAE04EC0-301F-11D3-BF4B-00C04F79EFBC}") = "CoreValidation", "src\CoreValidation\CoreValidation.csproj", "{38E86043-B63B-4006-821C-A6CADE36B3BE}"
EndProject
Project("{2150E333-8FDC-42A3-9474-1A3956D46DE8}") = "test", "test", "{EA675F41-DC96-4E8B-B2F6-32B69169B210}"
EndProject
Project("{FAE04EC0-301F-11D3-BF4B-00C04F79EFBC}") = "CoreValidation.UnitTests", "test\CoreValidation.UnitTests\CoreValidation.UnitTests.csproj", "{58097067-3C1D-440E-93BC-2D9D220FA181}"
EndProject
Project("{FAE04EC0-301F-11D3-BF4B-00C04F79EFBC}") = "CoreValidation.FunctionalTests", "test\CoreValidation.FunctionalTests\CoreValidation.FunctionalTests.csproj", "{C019B8C8-D1A8-4037-A354-FEAEC22E64CD}"
EndProject
Project("{FAE04EC0-301F-11D3-BF4B-00C04F79EFBC}") = "CoreValidation.PerformanceTests", "test\CoreValidation.PerformanceTests\CoreValidation.PerformanceTests.csproj", "{D10E70D3-8F19-43D5-97C0-04CE02F93C9B}"
EndProject
Project("{FAE04EC0-301F-11D3-BF4B-00C04F79EFBC}") = "CoreValidation.WorkloadTests", "test\CoreValidation.WorkloadTests\CoreValidation.WorkloadTests.csproj", "{F9460DAC-4F8A-49CE-B0D9-08AED5A5932B}"
EndProject
Global
	GlobalSection(SolutionConfigurationPlatforms) = preSolution
		Debug|Any CPU = Debug|Any CPU
		Debug|x64 = Debug|x64
		Debug|x86 = Debug|x86
		Release|Any CPU = Release|Any CPU
		Release|x64 = Release|x64
		Release|x86 = Release|x86
	EndGlobalSection
	GlobalSection(SolutionProperties) = preSolution
		HideSolutionNode = FALSE
	EndGlobalSection
	GlobalSection(ProjectConfigurationPlatforms) = postSolution
		{38E86043-B63B-4006-821C-A6CADE36B3BE}.Debug|Any CPU.ActiveCfg = Debug|Any CPU
		{38E86043-B63B-4006-821C-A6CADE36B3BE}.Debug|Any CPU.Build.0 = Debug|Any CPU
		{38E86043-B63B-4006-821C-A6CADE36B3BE}.Debug|x64.ActiveCfg = Debug|Any CPU
		{38E86043-B63B-4006-821C-A6CADE36B3BE}.Debug|x64.Build.0 = Debug|Any CPU
		{38E86043-B63B-4006-821C-A6CADE36B3BE}.Debug|x86.ActiveCfg = Debug|Any CPU
		{38E86043-B63B-4006-821C-A6CADE36B3BE}.Debug|x86.Build.0 = Debug|Any CPU
		{38E86043-B63B-4006-821C-A6CADE36B3BE}.Release|Any CPU.ActiveCfg = Release|Any CPU
		{38E86043-B63B-4006-821C-A6CADE36B3BE}.Release|Any CPU.Build.0 = Release|Any CPU
		{38E86043-B63B-4006-821C-A6CADE36B3BE}.Release|x64.ActiveCfg = Release|Any CPU
		{38E86043-B63B-4006-821C-A6CADE36B3BE}.Release|x64.Build.0 = Release|Any CPU
		{38E86043-B63B-4006-821C-A6CADE36B3BE}.Release|x86.ActiveCfg = Release|Any CPU
		{38E86043-B63B-4006-821C-A6CADE36B3BE}.Release|x86.Build.0 = Release|Any CPU
		{58097067-3C1D-440E-93BC-2D9D220FA181}.Debug|Any CPU.ActiveCfg = Debug|Any CPU
		{58097067-3C1D-440E-93BC-2D9D220FA181}.Debug|Any CPU.Build.0 = Debug|Any CPU
		{58097067-3C1D-440E-93BC-2D9D220FA181}.Debug|x64.ActiveCfg = Debug|Any CPU
		{58097067-3C1D-440E-93BC-2D9D220FA181}.Debug|x64.Build.0 = Debug|Any CPU
		{58097067-3C1D-440E-93BC-2D9D220FA181}.Debug|x86.ActiveCfg = Debug|Any CPU
		{58097067-3C1D-440E-93BC-2D9D220FA181}.Debug|x86.Build.0 = Debug|Any CPU
		{58097067-3C1D-440E-93BC-2D9D220FA181}.Release|Any CPU.ActiveCfg = Release|Any CPU
		{58097067-3C1D-440E-93BC-2D9D220FA181}.Release|Any CPU.Build.0 = Release|Any CPU
		{58097067-3C1D-440E-93BC-2D9D220FA181}.Release|x64.ActiveCfg = Release|Any CPU
		{58097067-3C1D-440E-93BC-2D9D220FA181}.Release|x64.Build.0 = Release|Any CPU
		{58097067-3C1D-440E-93BC-2D9D220FA181}.Release|x86.ActiveCfg = Release|Any CPU
		{58097067-3C1D-440E-93BC-2D9D220FA181}.Release|x86.Build.0 = Release|Any CPU
		{C019B8C8-D1A8-4037-A354-FEAEC22E64CD}.Debug|Any CPU.ActiveCfg = Debug|Any CPU
		{C019B8C8-D1A8-4037-A354-FEAEC22E64CD}.Debug|Any CPU.Build.0 = Debug|Any CPU
		{C019B8C8-D1A8-4037-A354-FEAEC22E64CD}.Debug|x64.ActiveCfg = Debug|Any CPU
		{C019B8C8-D1A8-4037-A354-FEAEC22E64CD}.Debug|x64.Build.0 = Debug|Any CPU
		{C019B8C8-D1A8-4037-A354-FEAEC22E64CD}.Debug|x86.ActiveCfg = Debug|Any CPU
		{C019B8C8-D1A8-4037-A354-FEAEC22E64CD}.Debug|x86.Build.0 = Debug|Any CPU
		{C019B8C8-D1A8-4037-A354-FEAEC22E64CD}.Release|Any CPU.ActiveCfg = Release|Any CPU
		{C019B8C8-D1A8-4037-A354-FEAEC22E64CD}.Release|Any CPU.Build.0 = Release|Any CPU
		{C019B8C8-D1A8-4037-A354-FEAEC22E64CD}.Release|x64.ActiveCfg = Release|Any CPU
		{C019B8C8-D1A8-4037-A354-FEAEC22E64CD}.Release|x64.Build.0 = Release|Any CPU
		{C019B8C8-D1A8-4037-A354-FEAEC22E64CD}.Release|x86.ActiveCfg = Release|Any CPU
		{C019B8C8-D1A8-4037-A354-FEAEC22E64CD}.Release|x86.Build.0 = Release|Any CPU
		{D10E70D3-8F19-43D5-97C0-04CE02F93C9B}.Debug|Any CPU.ActiveCfg = Debug|Any CPU
		{D10E70D3-8F19-43D5-97C0-04CE02F93C9B}.Debug|Any CPU.Build.0 = Debug|Any CPU
		{D10E70D3-8F19-43D5-97C0-04CE02F93C9B}.Debug|x64.ActiveCfg = Debug|Any CPU
		{D10E70D3-8F19-43D5-97C0-04CE02F93C9B}.Debug|x64.Build.0 = Debug|Any CPU
		{D10E70D3-8F19-43D5-97C0-04CE02F93C9B}.Debug|x86.ActiveCfg = Debug|Any CPU
		{D10E70D3-8F19-43D5-97C0-04CE02F93C9B}.Debug|x86.Build.0 = Debug|Any CPU
		{D10E70D3-8F19-43D5-97C0-04CE02F93C9B}.Release|Any CPU.ActiveCfg = Release|Any CPU
		{D10E70D3-8F19-43D5-97C0-04CE02F93C9B}.Release|Any CPU.Build.0 = Release|Any CPU
		{D10E70D3-8F19-43D5-97C0-04CE02F93C9B}.Release|x64.ActiveCfg = Release|Any CPU
		{D10E70D3-8F19-43D5-97C0-04CE02F93C9B}.Release|x64.Build.0 = Release|Any CPU
		{D10E70D3-8F19-43D5-97C0-04CE02F93C9B}.Release|x86.ActiveCfg = Release|Any CPU
		{D10E70D3-8F19-43D5-97C0-04CE02F93C9B}.Release|x86.Build.0 = Release|Any CPU
		{F9460DAC-4F8A-49CE-B0D9-08AED5A5932B}.Debug|Any CPU.ActiveCfg = Debug|Any CPU
		{F9460DAC-4F8A-49CE-B0D9-08AED5A5932B}.Debug|Any CPU.Build.0 = Debug|Any CPU
		{F9460DAC-4F8A-49CE-B0D9-08AED5A5932B}.Debug|x64.ActiveCfg = Debug|Any CPU
		{F9460DAC-4F8A-49CE-B0D9-08AED5A5932B}.Debug|x64.Build.0 = Debug|Any CPU
		{F9460DAC-4F8A-49CE-B0D9-08AED5A5932B}.Debug|x86.ActiveCfg = Debug|Any CPU
		{F9460DAC-4F8A-49CE-B0D9-08AED5A5932B}.Debug|x86.Build.0 = Debug|Any CPU
		{F9460DAC-4F8A-49CE-B0D9-08AED5A5932B}.Release|Any CPU.ActiveCfg = Release|Any CPU
		{F9460DAC-4F8A-49CE-B0D9-08AED5A5932B}.Release|Any CPU.Build.0 = Release|Any CPU
		{F9460DAC-4F8A-49CE-B0D9-08AED5A5932B}.Release|x64.ActiveCfg = Release|Any CPU
		{F9460DAC-4F8A-49CE-B0D9-08AED5A5932B}.Release|x64.Build.0 = Release|Any CPU
		{F9460DAC-4F8A-49CE-B0D9-08AED5A5932B}.Release|x86.ActiveCfg = Release|Any CPU
		{F9460DAC-4F8A-49CE-B0D9-08AED5A5932B}.Release|x86.Build.0 = Release|Any CPU
	EndGlobalSection
	GlobalSection(NestedProjects) = preSolution
		{38E86043-B63B-4006-821C-A6CADE36B3BE} = {2BC2231D-9EC0-4CE2-A49C-EDA3B0B0A58D}
		{58097067-3C1D-440E-93BC-2D9D220FA181} = {EA675F41-DC96-4E8B-B2F6-32B69169B210}
		{C019B8C8-D1A8-4037-A354-FEAEC22E64CD} = {EA675F41-DC96-4E8B-B2F6-32B69169B210}
		{D10E70D3-8F19-43D5-97C0-04CE02F93C9B} = {EA675F41-DC96-4E8B-B2F6-32B69169B210}
		{F9460DAC-4F8A-49CE-B0D9-08AED5A5932B} = {EA675F41-DC96-4E8B-B2F6-32B69169B210}
	EndGlobalSection
EndGlobal
